
Microsoft Visual Studio Solution File, Format Version 12.00
# Visual Studio Version 16
VisualStudioVersion = 16.0.30804.86
MinimumVisualStudioVersion = 10.0.40219.1
Project("{FAE04EC0-301F-11D3-BF4B-00C04F79EFBC}") = "FUNPROHelloWorld", "FUNPROHelloWorld\FUNPROHelloWorld.csproj", "{D808067A-31BA-46CC-A222-C08E7F9466BA}"
EndProject
Project("{FAE04EC0-301F-11D3-BF4B-00C04F79EFBC}") = "PROG1", "PROG1\PROG1.csproj", "{92CC2608-3804-412A-870E-E19983FFD808}"
EndProject
Global
	GlobalSection(SolutionConfigurationPlatforms) = preSolution
		Debug|Any CPU = Debug|Any CPU
		Release|Any CPU = Release|Any CPU
	EndGlobalSection
	GlobalSection(ProjectConfigurationPlatforms) = postSolution
		{D808067A-31BA-46CC-A222-C08E7F9466BA}.Debug|Any CPU.ActiveCfg = Debug|Any CPU
		{D808067A-31BA-46CC-A222-C08E7F9466BA}.Debug|Any CPU.Build.0 = Debug|Any CPU
		{D808067A-31BA-46CC-A222-C08E7F9466BA}.Release|Any CPU.ActiveCfg = Release|Any CPU
		{D808067A-31BA-46CC-A222-C08E7F9466BA}.Release|Any CPU.Build.0 = Release|Any CPU
		{92CC2608-3804-412A-870E-E19983FFD808}.Debug|Any CPU.ActiveCfg = Debug|Any CPU
		{92CC2608-3804-412A-870E-E19983FFD808}.Debug|Any CPU.Build.0 = Debug|Any CPU
		{92CC2608-3804-412A-870E-E19983FFD808}.Release|Any CPU.ActiveCfg = Release|Any CPU
		{92CC2608-3804-412A-870E-E19983FFD808}.Release|Any CPU.Build.0 = Release|Any CPU
	EndGlobalSection
	GlobalSection(SolutionProperties) = preSolution
		HideSolutionNode = FALSE
	EndGlobalSection
	GlobalSection(ExtensibilityGlobals) = postSolution
		SolutionGuid = {981960AB-2974-41FB-90C5-D95D82AB0D4F}
	EndGlobalSection
EndGlobal
